
Microsoft Visual Studio Solution File, Format Version 12.00
# Visual Studio Version 16
VisualStudioVersion = 16.0.32126.315
MinimumVisualStudioVersion = 10.0.40219.1
Project("{8BC9CEB8-8B4A-11D0-8D11-00A0C91BC942}") = "Towerdefence", "Towerdefence\Towerdefence.vcxproj", "{474DBCCF-0DD1-4326-8F11-9A4016585ABB}"
EndProject
Global
	GlobalSection(SolutionConfigurationPlatforms) = preSolution
		Debug|x64 = Debug|x64
		Release|x64 = Release|x64
	EndGlobalSection
	GlobalSection(ProjectConfigurationPlatforms) = postSolution
		{474DBCCF-0DD1-4326-8F11-9A4016585ABB}.Debug|x64.ActiveCfg = Debug|x64
		{474DBCCF-0DD1-4326-8F11-9A4016585ABB}.Debug|x64.Build.0 = Debug|x64
		{474DBCCF-0DD1-4326-8F11-9A4016585ABB}.Release|x64.ActiveCfg = Release|x64
		{474DBCCF-0DD1-4326-8F11-9A4016585ABB}.Release|x64.Build.0 = Release|x64
	EndGlobalSection
	GlobalSection(SolutionProperties) = preSolution
		HideSolutionNode = FALSE
	EndGlobalSection
	GlobalSection(ExtensibilityGlobals) = postSolution
		SolutionGuid = {20D9D551-7B1C-438D-94FC-62032082E757}
	EndGlobalSection
EndGlobal
