<?xml version="1.0" encoding="utf-8"?>
<Project ToolsVersion="4.0" xmlns="http://schemas.microsoft.com/developer/msbuild/2003">
  <ItemGroup>
    <Filter Include="Source Files">
      <UniqueIdentifier>{4FC737F1-C7A5-4376-A066-2A32D752A2FF}</UniqueIdentifier>
      <Extensions>cpp;c;cc;cxx;def;odl;idl;hpj;bat;asm;asmx</Extensions>
    </Filter>
    <Filter Include="Header Files">
      <UniqueIdentifier>{93995380-89BD-4b04-88EB-625FBE52EBFB}</UniqueIdentifier>
      <Extensions>h;hh;hpp;hxx;hm;inl;inc;xsd</Extensions>
    </Filter>
    <Filter Include="Resource Files">
      <UniqueIdentifier>{67DA6AB6-F800-4c08-8B7A-83BB121AAD01}</UniqueIdentifier>
      <Extensions>qrc;rc;ico;cur;bmp;dlg;rc2;rct;bin;rgs;gif;jpg;jpeg;jpe;resx;tiff;tif;png;wav;mfcribbon-ms</Extensions>
    </Filter>
    <Filter Include="Form Files">
      <UniqueIdentifier>{99349809-55BA-4b9d-BF79-8FDBB0286EB3}</UniqueIdentifier>
      <Extensions>ui</Extensions>
    </Filter>
    <Filter Include="Translation Files">
      <UniqueIdentifier>{639EADAA-A684-42e4-A9AD-28FC9BCB8F7C}</UniqueIdentifier>
      <Extensions>ts</Extensions>
    </Filter>
  </ItemGroup>
  <ItemGroup>
    <QtRcc Include="MainWindow.qrc">
      <Filter>Resource Files</Filter>
    </QtRcc>
    <QtUic Include="MainWindow.ui">
      <Filter>Form Files</Filter>
    </QtUic>
    <QtMoc Include="MainWindow.h">
      <Filter>Header Files</Filter>
    </QtMoc>
    <ClCompile Include="MainWindow.cpp">
      <Filter>Source Files</Filter>
    </ClCompile>
  </ItemGroup>
  <ItemGroup>
    <ClCompile Include="main.cpp">
      <Filter>Source Files</Filter>
    </ClCompile>
    <ClCompile Include="Enemy.cpp">
      <Filter>Source Files</Filter>
    </ClCompile>
    <ClCompile Include="Defender.cpp">
      <Filter>Source Files</Filter>
    </ClCompile>
    <ClCompile Include="Path.cpp">
      <Filter>Source Files</Filter>
    </ClCompile>
    <ClCompile Include="Wallnut.cpp">
      <Filter>Source Files</Filter>
    </ClCompile>
    <ClCompile Include="Radish.cpp">
      <Filter>Source Files</Filter>
    </ClCompile>
    <ClCompile Include="GroundEnemy1.cpp">
      <Filter>Source Files</Filter>
    </ClCompile>
    <ClCompile Include="FlyingEnemy1.cpp">
      <Filter>Source Files</Filter>
    </ClCompile>
    <ClCompile Include="Icon.cpp">
      <Filter>Source Files</Filter>
    </ClCompile>
    <ClCompile Include="Shop.cpp">
      <Filter>Source Files</Filter>
    </ClCompile>
    <ClCompile Include="Spikeweed.cpp">
      <Filter>Source Files</Filter>
    </ClCompile>
    <ClCompile Include="GroundEnemy2.cpp">
      <Filter>Source Files</Filter>
    </ClCompile>
    <ClCompile Include="BonkChoy.cpp">
      <Filter>Source Files</Filter>
    </ClCompile>
    <ClCompile Include="FlyingEnemy2.cpp">
      <Filter>Source Files</Filter>
    </ClCompile>
    <ClCompile Include="CherryBomb.cpp">
      <Filter>Source Files</Filter>
    </ClCompile>
    <ClCompile Include="Chomper.cpp">
      <Filter>Source Files</Filter>
    </ClCompile>
    <ClCompile Include="Map.cpp">
      <Filter>Source Files</Filter>
    </ClCompile>
    <ClCompile Include="Marigold.cpp">
      <Filter>Source Files</Filter>
    </ClCompile>
    <ClCompile Include="Shovel.cpp">
      <Filter>Source Files</Filter>
    </ClCompile>
    <ClCompile Include="Tower1.cpp">
      <Filter>Source Files</Filter>
    </ClCompile>
    <ClCompile Include="Bullet1.cpp">
      <Filter>Source Files</Filter>
    </ClCompile>
    <ClCompile Include="Bullet2.cpp">
      <Filter>Source Files</Filter>
    </ClCompile>
    <ClCompile Include="Tower2.cpp">
      <Filter>Source Files</Filter>
    </ClCompile>
    <ClCompile Include="FlyingEnemy3.cpp">
      <Filter>Source Files</Filter>
    </ClCompile>
    <ClCompile Include="LaserBullet.cpp">
      <Filter>Source Files</Filter>
    </ClCompile>
    <ClCompile Include="GroundEnemy3.cpp">
      <Filter>Source Files</Filter>
    </ClCompile>
    <ClCompile Include="Tower3.cpp">
      <Filter>Source Files</Filter>
    </ClCompile>
    <ClCompile Include="BackButton.cpp">
      <Filter>Source Files</Filter>
    </ClCompile>
    <ClCompile Include="GroundEnemy4.cpp">
      <Filter>Source Files</Filter>
    </ClCompile>
  </ItemGroup>
  <ItemGroup>
    <ClInclude Include="Enemy.h">
      <Filter>Header Files</Filter>
    </ClInclude>
    <ClInclude Include="Defender.h">
      <Filter>Header Files</Filter>
    </ClInclude>
    <ClInclude Include="Path.h">
      <Filter>Header Files</Filter>
    </ClInclude>
    <ClInclude Include="Wallnut.h">
      <Filter>Header Files</Filter>
    </ClInclude>
    <ClInclude Include="Radish.h">
      <Filter>Header Files</Filter>
    </ClInclude>
    <ClInclude Include="GroundEnemy1.h">
      <Filter>Header Files</Filter>
    </ClInclude>
    <ClInclude Include="FlyingEnemy1.h">
      <Filter>Header Files</Filter>
    </ClInclude>
    <ClInclude Include="Icon.h">
      <Filter>Header Files</Filter>
    </ClInclude>
    <ClInclude Include="Shop.h">
      <Filter>Header Files</Filter>
    </ClInclude>
    <ClInclude Include="Spikeweed.h">
      <Filter>Header Files</Filter>
    </ClInclude>
    <ClInclude Include="GroundEnemy2.h">
      <Filter>Header Files</Filter>
    </ClInclude>
    <ClInclude Include="BonkChoy.h">
      <Filter>Header Files</Filter>
    </ClInclude>
    <ClInclude Include="FlyingEnemy2.h">
      <Filter>Header Files</Filter>
    </ClInclude>
    <ClInclude Include="CherryBomb.h">
      <Filter>Header Files</Filter>
    </ClInclude>
    <ClInclude Include="Chomper.h">
      <Filter>Header Files</Filter>
    </ClInclude>
    <ClInclude Include="Map.h">
      <Filter>Header Files</Filter>
    </ClInclude>
    <ClInclude Include="Marigold.h">
      <Filter>Header Files</Filter>
    </ClInclude>
    <ClInclude Include="Shovel.h">
      <Filter>Header Files</Filter>
    </ClInclude>
    <ClInclude Include="Tower1.h">
      <Filter>Header Files</Filter>
    </ClInclude>
    <ClInclude Include="Bullet1.h">
      <Filter>Header Files</Filter>
    </ClInclude>
    <ClInclude Include="Bullet2.h">
      <Filter>Header Files</Filter>
    </ClInclude>
    <ClInclude Include="Tower2.h">
      <Filter>Header Files</Filter>
    </ClInclude>
    <ClInclude Include="FlyingEnemy3.h">
      <Filter>Header Files</Filter>
    </ClInclude>
    <ClInclude Include="LaserBullet.h">
      <Filter>Header Files</Filter>
    </ClInclude>
    <ClInclude Include="GroundEnemy3.h">
      <Filter>Header Files</Filter>
    </ClInclude>
    <ClInclude Include="Tower3.h">
      <Filter>Header Files</Filter>
    </ClInclude>
    <ClInclude Include="BackButton.h">
      <Filter>Header Files</Filter>
    </ClInclude>
    <ClInclude Include="GroundEnemy4.h">
      <Filter>Header Files</Filter>
    </ClInclude>
  </ItemGroup>
</Project>